
Microsoft Visual Studio Solution File, Format Version 12.00
# Visual Studio Version 17
VisualStudioVersion = 17.5.33414.496
MinimumVisualStudioVersion = 10.0.40219.1
Project("{9A19103F-16F7-4668-BE54-9A1E7A4F7556}") = "Correlation.ServiceB", "Correlation.ServiceB\Correlation.ServiceB.csproj", "{9644035C-07FE-4C2C-9CE1-44602CD521B2}"
EndProject
Global
	GlobalSection(SolutionConfigurationPlatforms) = preSolution
		Debug|Any CPU = Debug|Any CPU
		Release|Any CPU = Release|Any CPU
	EndGlobalSection
	GlobalSection(ProjectConfigurationPlatforms) = postSolution
		{9644035C-07FE-4C2C-9CE1-44602CD521B2}.Debug|Any CPU.ActiveCfg = Debug|Any CPU
		{9644035C-07FE-4C2C-9CE1-44602CD521B2}.Debug|Any CPU.Build.0 = Debug|Any CPU
		{9644035C-07FE-4C2C-9CE1-44602CD521B2}.Release|Any CPU.ActiveCfg = Release|Any CPU
		{9644035C-07FE-4C2C-9CE1-44602CD521B2}.Release|Any CPU.Build.0 = Release|Any CPU
	EndGlobalSection
	GlobalSection(SolutionProperties) = preSolution
		HideSolutionNode = FALSE
	EndGlobalSection
	GlobalSection(ExtensibilityGlobals) = postSolution
		SolutionGuid = {138B49EF-6E44-45F2-83CF-53E7C98D17C3}
	EndGlobalSection
EndGlobal
